
Microsoft Visual Studio Solution File, Format Version 12.00
# Visual Studio Version 17
VisualStudioVersion = 17.0.31903.59
MinimumVisualStudioVersion = 10.0.40219.1
Project("{2150E333-8FDC-42A3-9474-1A3956D46DE8}") = "src", "src", "{3D4088CD-D820-467E-A3A0-ADDECEB42A25}"
EndProject
Project("{FAE04EC0-301F-11D3-BF4B-00C04F79EFBC}") = "FileSync.App", "src\FileSync.App\FileSync.App.csproj", "{9194F048-E68B-4E88-BF9D-5D2B8E5C231B}"
EndProject
Project("{FAE04EC0-301F-11D3-BF4B-00C04F79EFBC}") = "FileSync.Core", "src\FileSync.Core\FileSync.Core.csproj", "{BDEC7EFD-999A-4577-8E4D-1334C070BB2C}"
EndProject
Global
	GlobalSection(SolutionConfigurationPlatforms) = preSolution
		Debug|Any CPU = Debug|Any CPU
		Release|Any CPU = Release|Any CPU
	EndGlobalSection
	GlobalSection(SolutionProperties) = preSolution
		HideSolutionNode = FALSE
	EndGlobalSection
	GlobalSection(ProjectConfigurationPlatforms) = postSolution
		{9194F048-E68B-4E88-BF9D-5D2B8E5C231B}.Debug|Any CPU.ActiveCfg = Debug|Any CPU
		{9194F048-E68B-4E88-BF9D-5D2B8E5C231B}.Debug|Any CPU.Build.0 = Debug|Any CPU
		{9194F048-E68B-4E88-BF9D-5D2B8E5C231B}.Release|Any CPU.ActiveCfg = Release|Any CPU
		{9194F048-E68B-4E88-BF9D-5D2B8E5C231B}.Release|Any CPU.Build.0 = Release|Any CPU
		{BDEC7EFD-999A-4577-8E4D-1334C070BB2C}.Debug|Any CPU.ActiveCfg = Debug|Any CPU
		{BDEC7EFD-999A-4577-8E4D-1334C070BB2C}.Debug|Any CPU.Build.0 = Debug|Any CPU
		{BDEC7EFD-999A-4577-8E4D-1334C070BB2C}.Release|Any CPU.ActiveCfg = Release|Any CPU
		{BDEC7EFD-999A-4577-8E4D-1334C070BB2C}.Release|Any CPU.Build.0 = Release|Any CPU
	EndGlobalSection
	GlobalSection(NestedProjects) = preSolution
		{9194F048-E68B-4E88-BF9D-5D2B8E5C231B} = {3D4088CD-D820-467E-A3A0-ADDECEB42A25}
		{BDEC7EFD-999A-4577-8E4D-1334C070BB2C} = {3D4088CD-D820-467E-A3A0-ADDECEB42A25}
	EndGlobalSection
EndGlobal
